<?xml version="1.0" encoding="utf-8"?>
<Project ToolsVersion="4.0" xmlns="http://schemas.microsoft.com/developer/msbuild/2003">
  <ItemGroup>
    <Filter Include="Source Files">
      <UniqueIdentifier>{4FC737F1-C7A5-4376-A066-2A32D752A2FF}</UniqueIdentifier>
      <Extensions>cpp;c;cc;cxx;def;odl;idl;hpj;bat;asm;asmx</Extensions>
    </Filter>
    <Filter Include="Header Files">
      <UniqueIdentifier>{93995380-89BD-4b04-88EB-625FBE52EBFB}</UniqueIdentifier>
      <Extensions>h;hh;hpp;hxx;hm;inl;inc;ipp;xsd</Extensions>
    </Filter>
    <Filter Include="Resource Files">
      <UniqueIdentifier>{67DA6AB6-F800-4c08-8B7A-83BB121AAD01}</UniqueIdentifier>
      <Extensions>rc;ico;cur;bmp;dlg;rc2;rct;bin;rgs;gif;jpg;jpeg;jpe;resx;tiff;tif;png;wav;mfcribbon-ms</Extensions>
    </Filter>
    <Filter Include="Header Files\Entities">
      <UniqueIdentifier>{d14f384a-901b-4659-a951-00db5c490955}</UniqueIdentifier>
    </Filter>
    <Filter Include="Header Files\Managers">
      <UniqueIdentifier>{583bda4c-c4e6-47db-bf13-385e91bbd1aa}</UniqueIdentifier>
    </Filter>
    <Filter Include="Source Files\Entities">
      <UniqueIdentifier>{bef71c8b-1684-478f-890d-9bdcc4862d41}</UniqueIdentifier>
    </Filter>
    <Filter Include="Source Files\Managers">
      <UniqueIdentifier>{7e99244f-975f-416f-85fc-0b8953acb141}</UniqueIdentifier>
    </Filter>
    <Filter Include="Temp Files">
      <UniqueIdentifier>{683efa4e-6fda-4010-bc85-efee63c38325}</UniqueIdentifier>
    </Filter>
    <Filter Include="Source Files\SnakesAndLadder">
      <UniqueIdentifier>{263d0194-6c2d-4a32-ad54-63590ea82d97}</UniqueIdentifier>
    </Filter>
    <Filter Include="Header Files\SnakesAndLadder">
      <UniqueIdentifier>{106aea14-aac8-4b33-85d0-320fbce2b307}</UniqueIdentifier>
    </Filter>
  </ItemGroup>
  <ItemGroup>
    <ClInclude Include="MathHelper.h">
      <Filter>Header Files</Filter>
    </ClInclude>
    <ClInclude Include="Timer.h">
      <Filter>Header Files</Filter>
    </ClInclude>
    <ClInclude Include="AnimatedTexture.h">
      <Filter>Header Files\Entities</Filter>
    </ClInclude>
    <ClInclude Include="GameEntity.h">
      <Filter>Header Files\Entities</Filter>
    </ClInclude>
    <ClInclude Include="Texture.h">
      <Filter>Header Files\Entities</Filter>
    </ClInclude>
    <ClInclude Include="AssetManager.h">
      <Filter>Header Files\Managers</Filter>
    </ClInclude>
    <ClInclude Include="GameManager.h">
      <Filter>Header Files\Managers</Filter>
    </ClInclude>
    <ClInclude Include="AudioManager.h">
      <Filter>Header Files\Managers</Filter>
    </ClInclude>
    <ClInclude Include="Graphics.h">
      <Filter>Header Files\Managers</Filter>
    </ClInclude>
    <ClInclude Include="InputManager.h">
      <Filter>Header Files\Managers</Filter>
    </ClInclude>
    <ClInclude Include="StartScreen.h">
      <Filter>Header Files\SnakesAndLadder</Filter>
    </ClInclude>
    <ClInclude Include="ScreenManager.h">
      <Filter>Header Files\SnakesAndLadder</Filter>
    </ClInclude>
    <ClInclude Include="Scoreboard.h">
      <Filter>Header Files\SnakesAndLadder</Filter>
    </ClInclude>
    <ClInclude Include="PlayScreen.h">
      <Filter>Header Files\SnakesAndLadder</Filter>
    </ClInclude>
    <ClInclude Include="PlaySideBar.h">
      <Filter>Header Files\SnakesAndLadder</Filter>
    </ClInclude>
    <ClInclude Include="Nuzzle.h">
      <Filter>Header Files\SnakesAndLadder</Filter>
    </ClInclude>
    <ClInclude Include="Board.h">
      <Filter>Header Files\SnakesAndLadder</Filter>
    </ClInclude>
    <ClInclude Include="HowToPlay.h">
      <Filter>Header Files\SnakesAndLadder</Filter>
    </ClInclude>
  </ItemGroup>
  <ItemGroup>
    <ClCompile Include="main.cpp">
      <Filter>Source Files</Filter>
    </ClCompile>
    <ClCompile Include="Timer.cpp">
      <Filter>Source Files</Filter>
    </ClCompile>
    <ClCompile Include="AnimatedTexture.cpp">
      <Filter>Source Files\Entities</Filter>
    </ClCompile>
    <ClCompile Include="GameEntity.cpp">
      <Filter>Source Files\Entities</Filter>
    </ClCompile>
    <ClCompile Include="Texture.cpp">
      <Filter>Source Files\Entities</Filter>
    </ClCompile>
    <ClCompile Include="AssetManager.cpp">
      <Filter>Source Files\Managers</Filter>
    </ClCompile>
    <ClCompile Include="AudioManager.cpp">
      <Filter>Source Files\Managers</Filter>
    </ClCompile>
    <ClCompile Include="GameManager.cpp">
      <Filter>Source Files\Managers</Filter>
    </ClCompile>
    <ClCompile Include="Graphics.cpp">
      <Filter>Source Files\Managers</Filter>
    </ClCompile>
    <ClCompile Include="InputManager.cpp">
      <Filter>Source Files\Managers</Filter>
    </ClCompile>
    <ClCompile Include="StartScreen.cpp">
      <Filter>Source Files\SnakesAndLadder</Filter>
    </ClCompile>
    <ClCompile Include="ScreenManager.cpp">
      <Filter>Source Files\SnakesAndLadder</Filter>
    </ClCompile>
    <ClCompile Include="Scoreboard.cpp">
      <Filter>Source Files\SnakesAndLadder</Filter>
    </ClCompile>
    <ClCompile Include="PlayScreen.cpp">
      <Filter>Source Files\SnakesAndLadder</Filter>
    </ClCompile>
    <ClCompile Include="PlaySideBar.cpp">
      <Filter>Source Files\SnakesAndLadder</Filter>
    </ClCompile>
    <ClCompile Include="Board.cpp">
      <Filter>Source Files\SnakesAndLadder</Filter>
    </ClCompile>
    <ClCompile Include="HowToPlay.cpp">
      <Filter>Source Files\SnakesAndLadder</Filter>
    </ClCompile>
  </ItemGroup>
</Project>